// !$*UTF8*$!
{
	archiveVersion = 1;
	classes = {
	};
	objectVersion = 46;
	objects = {

/* Begin PBXBuildFile section */
		4C6EF7271DC6F4C700549FC6 /* AppDelegate.swift in Sources */ = {isa = PBXBuildFile; fileRef = 4C6EF7261DC6F4C700549FC6 /* AppDelegate.swift */; };
		4C6EF7291DC6F4C700549FC6 /* ViewController.swift in Sources */ = {isa = PBXBuildFile; fileRef = 4C6EF7281DC6F4C700549FC6 /* ViewController.swift */; };
		4C6EF72C1DC6F4C700549FC6 /* Main.storyboard in Resources */ = {isa = PBXBuildFile; fileRef = 4C6EF72A1DC6F4C700549FC6 /* Main.storyboard */; };
		4C6EF72E1DC6F4C700549FC6 /* Assets.xcassets in Resources */ = {isa = PBXBuildFile; fileRef = 4C6EF72D1DC6F4C700549FC6 /* Assets.xcassets */; };
		4C6EF7311DC6F4C700549FC6 /* LaunchScreen.storyboard in Resources */ = {isa = PBXBuildFile; fileRef = 4C6EF72F1DC6F4C700549FC6 /* LaunchScreen.storyboard */; };
		4C6EF73C1DC6F4C700549FC6 /* MailboxTests.swift in Sources */ = {isa = PBXBuildFile; fileRef = 4C6EF73B1DC6F4C700549FC6 /* MailboxTests.swift */; };
		4C6EF7471DC6F4C700549FC6 /* MailboxUITests.swift in Sources */ = {isa = PBXBuildFile; fileRef = 4C6EF7461DC6F4C700549FC6 /* MailboxUITests.swift */; };
/* End PBXBuildFile section */

/* Begin PBXContainerItemProxy section */
		4C6EF7381DC6F4C700549FC6 /* PBXContainerItemProxy */ = {
			isa = PBXContainerItemProxy;
			containerPortal = 4C6EF71B1DC6F4C700549FC6 /* Project object */;
			proxyType = 1;
			remoteGlobalIDString = 4C6EF7221DC6F4C700549FC6;
			remoteInfo = Mailbox;
		};
		4C6EF7431DC6F4C700549FC6 /* PBXContainerItemProxy */ = {
			isa = PBXContainerItemProxy;
			containerPortal = 4C6EF71B1DC6F4C700549FC6 /* Project object */;
			proxyType = 1;
			remoteGlobalIDString = 4C6EF7221DC6F4C700549FC6;
			remoteInfo = Mailbox;
		};
/* End PBXContainerItemProxy section */

/* Begin PBXFileReference section */
		4C6EF7231DC6F4C700549FC6 /* Mailbox.app */ = {isa = PBXFileReference; explicitFileType = wrapper.application; includeInIndex = 0; path = Mailbox.app; sourceTree = BUILT_PRODUCTS_DIR; };
		4C6EF7261DC6F4C700549FC6 /* AppDelegate.swift */ = {isa = PBXFileReference; lastKnownFileType = sourcecode.swift; path = AppDelegate.swift; sourceTree = "<group>"; };
		4C6EF7281DC6F4C700549FC6 /* ViewController.swift */ = {isa = PBXFileReference; lastKnownFileType = sourcecode.swift; path = ViewController.swift; sourceTree = "<group>"; };
		4C6EF72B1DC6F4C700549FC6 /* Base */ = {isa = PBXFileReference; lastKnownFileType = file.storyboard; name = Base; path = Base.lproj/Main.storyboard; sourceTree = "<group>"; };
		4C6EF72D1DC6F4C700549FC6 /* Assets.xcassets */ = {isa = PBXFileReference; lastKnownFileType = folder.assetcatalog; path = Assets.xcassets; sourceTree = "<group>"; };
		4C6EF7301DC6F4C700549FC6 /* Base */ = {isa = PBXFileReference; lastKnownFileType = file.storyboard; name = Base; path = Base.lproj/LaunchScreen.storyboard; sourceTree = "<group>"; };
		4C6EF7321DC6F4C700549FC6 /* Info.plist */ = {isa = PBXFileReference; lastKnownFileType = text.plist.xml; path = Info.plist; sourceTree = "<group>"; };
		4C6EF7371DC6F4C700549FC6 /* MailboxTests.xctest */ = {isa = PBXFileReference; explicitFileType = wrapper.cfbundle; includeInIndex = 0; path = MailboxTests.xctest; sourceTree = BUILT_PRODUCTS_DIR; };
		4C6EF73B1DC6F4C700549FC6 /* MailboxTests.swift */ = {isa = PBXFileReference; lastKnownFileType = sourcecode.swift; path = MailboxTests.swift; sourceTree = "<group>"; };
		4C6EF73D1DC6F4C700549FC6 /* Info.plist */ = {isa = PBXFileReference; lastKnownFileType = text.plist.xml; path = Info.plist; sourceTree = "<group>"; };
		4C6EF7421DC6F4C700549FC6 /* MailboxUITests.xctest */ = {isa = PBXFileReference; explicitFileType = wrapper.cfbundle; includeInIndex = 0; path = MailboxUITests.xctest; sourceTree = BUILT_PRODUCTS_DIR; };
		4C6EF7461DC6F4C700549FC6 /* MailboxUITests.swift */ = {isa = PBXFileReference; lastKnownFileType = sourcecode.swift; path = MailboxUITests.swift; sourceTree = "<group>"; };
		4C6EF7481DC6F4C700549FC6 /* Info.plist */ = {isa = PBXFileReference; lastKnownFileType = text.plist.xml; path = Info.plist; sourceTree = "<group>"; };
/* End PBXFileReference section */

/* Begin PBXFrameworksBuildPhase section */
		4C6EF7201DC6F4C700549FC6 /* Frameworks */ = {
			isa = PBXFrameworksBuildPhase;
			buildActionMask = 2147483647;
			files = (
			);
			runOnlyForDeploymentPostprocessing = 0;
		};
		4C6EF7341DC6F4C700549FC6 /* Frameworks */ = {
			isa = PBXFrameworksBuildPhase;
			buildActionMask = 2147483647;
			files = (
			);
			runOnlyForDeploymentPostprocessing = 0;
		};
		4C6EF73F1DC6F4C700549FC6 /* Frameworks */ = {
			isa = PBXFrameworksBuildPhase;
			buildActionMask = 2147483647;
			files = (
			);
			runOnlyForDeploymentPostprocessing = 0;
		};
/* End PBXFrameworksBuildPhase section */

/* Begin PBXGroup section */
		4C6EF71A1DC6F4C700549FC6 = {
			isa = PBXGroup;
			children = (
				4C6EF7251DC6F4C700549FC6 /* Mailbox */,
				4C6EF73A1DC6F4C700549FC6 /* MailboxTests */,
				4C6EF7451DC6F4C700549FC6 /* MailboxUITests */,
				4C6EF7241DC6F4C700549FC6 /* Products */,
			);
			sourceTree = "<group>";
		};
		4C6EF7241DC6F4C700549FC6 /* Products */ = {
			isa = PBXGroup;
			children = (
				4C6EF7231DC6F4C700549FC6 /* Mailbox.app */,
				4C6EF7371DC6F4C700549FC6 /* MailboxTests.xctest */,
				4C6EF7421DC6F4C700549FC6 /* MailboxUITests.xctest */,
			);
			name = Products;
			sourceTree = "<group>";
		};
		4C6EF7251DC6F4C700549FC6 /* Mailbox */ = {
			isa = PBXGroup;
			children = (
				4C6EF7261DC6F4C700549FC6 /* AppDelegate.swift */,
				4C6EF7281DC6F4C700549FC6 /* ViewController.swift */,
				4C6EF72A1DC6F4C700549FC6 /* Main.storyboard */,
				4C6EF72D1DC6F4C700549FC6 /* Assets.xcassets */,
				4C6EF72F1DC6F4C700549FC6 /* LaunchScreen.storyboard */,
				4C6EF7321DC6F4C700549FC6 /* Info.plist */,
			);
			path = Mailbox;
			sourceTree = "<group>";
		};
		4C6EF73A1DC6F4C700549FC6 /* MailboxTests */ = {
			isa = PBXGroup;
			children = (
				4C6EF73B1DC6F4C700549FC6 /* MailboxTests.swift */,
				4C6EF73D1DC6F4C700549FC6 /* Info.plist */,
			);
			path = MailboxTests;
			sourceTree = "<group>";
		};
		4C6EF7451DC6F4C700549FC6 /* MailboxUITests */ = {
			isa = PBXGroup;
			children = (
				4C6EF7461DC6F4C700549FC6 /* MailboxUITests.swift */,
				4C6EF7481DC6F4C700549FC6 /* Info.plist */,
			);
			path = MailboxUITests;
			sourceTree = "<group>";
		};
/* End PBXGroup section */

/* Begin PBXNativeTarget section */
		4C6EF7221DC6F4C700549FC6 /* Mailbox */ = {
			isa = PBXNativeTarget;
			buildConfigurationList = 4C6EF74B1DC6F4C700549FC6 /* Build configuration list for PBXNativeTarget "Mailbox" */;
			buildPhases = (
				4C6EF71F1DC6F4C700549FC6 /* Sources */,
				4C6EF7201DC6F4C700549FC6 /* Frameworks */,
				4C6EF7211DC6F4C700549FC6 /* Resources */,
			);
			buildRules = (
			);
			dependencies = (
			);
			name = Mailbox;
			productName = Mailbox;
			productReference = 4C6EF7231DC6F4C700549FC6 /* Mailbox.app */;
			productType = "com.apple.product-type.application";
		};
		4C6EF7361DC6F4C700549FC6 /* MailboxTests */ = {
			isa = PBXNativeTarget;
			buildConfigurationList = 4C6EF74E1DC6F4C700549FC6 /* Build configuration list for PBXNativeTarget "MailboxTests" */;
			buildPhases = (
				4C6EF7331DC6F4C700549FC6 /* Sources */,
				4C6EF7341DC6F4C700549FC6 /* Frameworks */,
				4C6EF7351DC6F4C700549FC6 /* Resources */,
			);
			buildRules = (
			);
			dependencies = (
				4C6EF7391DC6F4C700549FC6 /* PBXTargetDependency */,
			);
			name = MailboxTests;
			productName = MailboxTests;
			productReference = 4C6EF7371DC6F4C700549FC6 /* MailboxTests.xctest */;
			productType = "com.apple.product-type.bundle.unit-test";
		};
		4C6EF7411DC6F4C700549FC6 /* MailboxUITests */ = {
			isa = PBXNativeTarget;
			buildConfigurationList = 4C6EF7511DC6F4C700549FC6 /* Build configuration list for PBXNativeTarget "MailboxUITests" */;
			buildPhases = (
				4C6EF73E1DC6F4C700549FC6 /* Sources */,
				4C6EF73F1DC6F4C700549FC6 /* Frameworks */,
				4C6EF7401DC6F4C700549FC6 /* Resources */,
			);
			buildRules = (
			);
			dependencies = (
				4C6EF7441DC6F4C700549FC6 /* PBXTargetDependency */,
			);
			name = MailboxUITests;
			productName = MailboxUITests;
			productReference = 4C6EF7421DC6F4C700549FC6 /* MailboxUITests.xctest */;
			productType = "com.apple.product-type.bundle.ui-testing";
		};
/* End PBXNativeTarget section */

/* Begin PBXProject section */
		4C6EF71B1DC6F4C700549FC6 /* Project object */ = {
			isa = PBXProject;
			attributes = {
				LastSwiftUpdateCheck = 0800;
				LastUpgradeCheck = 0800;
				ORGANIZATIONNAME = "Michael Volovar";
				TargetAttributes = {
					4C6EF7221DC6F4C700549FC6 = {
						CreatedOnToolsVersion = 8.0;
						ProvisioningStyle = Automatic;
					};
					4C6EF7361DC6F4C700549FC6 = {
						CreatedOnToolsVersion = 8.0;
						ProvisioningStyle = Automatic;
						TestTargetID = 4C6EF7221DC6F4C700549FC6;
					};
					4C6EF7411DC6F4C700549FC6 = {
						CreatedOnToolsVersion = 8.0;
						ProvisioningStyle = Automatic;
						TestTargetID = 4C6EF7221DC6F4C700549FC6;
					};
				};
			};
			buildConfigurationList = 4C6EF71E1DC6F4C700549FC6 /* Build configuration list for PBXProject "Mailbox" */;
			compatibilityVersion = "Xcode 3.2";
			developmentRegion = English;
			hasScannedForEncodings = 0;
			knownRegions = (
				en,
				Base,
			);
			mainGroup = 4C6EF71A1DC6F4C700549FC6;
			productRefGroup = 4C6EF7241DC6F4C700549FC6 /* Products */;
			projectDirPath = "";
			projectRoot = "";
			targets = (
				4C6EF7221DC6F4C700549FC6 /* Mailbox */,
				4C6EF7361DC6F4C700549FC6 /* MailboxTests */,
				4C6EF7411DC6F4C700549FC6 /* MailboxUITests */,
			);
		};
/* End PBXProject section */

/* Begin PBXResourcesBuildPhase section */
		4C6EF7211DC6F4C700549FC6 /* Resources */ = {
			isa = PBXResourcesBuildPhase;
			buildActionMask = 2147483647;
			files = (
				4C6EF7311DC6F4C700549FC6 /* LaunchScreen.storyboard in Resources */,
				4C6EF72E1DC6F4C700549FC6 /* Assets.xcassets in Resources */,
				4C6EF72C1DC6F4C700549FC6 /* Main.storyboard in Resources */,
			);
			runOnlyForDeploymentPostprocessing = 0;
		};
		4C6EF7351DC6F4C700549FC6 /* Resources */ = {
			isa = PBXResourcesBuildPhase;
			buildActionMask = 2147483647;
			files = (
			);
			runOnlyForDeploymentPostprocessing = 0;
		};
		4C6EF7401DC6F4C700549FC6 /* Resources */ = {
			isa = PBXResourcesBuildPhase;
			buildActionMask = 2147483647;
			files = (
			);
			runOnlyForDeploymentPostprocessing = 0;
		};
/* End PBXResourcesBuildPhase section */

/* Begin PBXSourcesBuildPhase section */
		4C6EF71F1DC6F4C700549FC6 /* Sources */ = {
			isa = PBXSourcesBuildPhase;
			buildActionMask = 2147483647;
			files = (
				4C6EF7291DC6F4C700549FC6 /* ViewController.swift in Sources */,
				4C6EF7271DC6F4C700549FC6 /* AppDelegate.swift in Sources */,
			);
			runOnlyForDeploymentPostprocessing = 0;
		};
		4C6EF7331DC6F4C700549FC6 /* Sources */ = {
			isa = PBXSourcesBuildPhase;
			buildActionMask = 2147483647;
			files = (
				4C6EF73C1DC6F4C700549FC6 /* MailboxTests.swift in Sources */,
			);
			runOnlyForDeploymentPostprocessing = 0;
		};
		4C6EF73E1DC6F4C700549FC6 /* Sources */ = {
			isa = PBXSourcesBuildPhase;
			buildActionMask = 2147483647;
			files = (
				4C6EF7471DC6F4C700549FC6 /* MailboxUITests.swift in Sources */,
			);
			runOnlyForDeploymentPostprocessing = 0;
		};
/* End PBXSourcesBuildPhase section */

/* Begin PBXTargetDependency section */
		4C6EF7391DC6F4C700549FC6 /* PBXTargetDependency */ = {
			isa = PBXTargetDependency;
			target = 4C6EF7221DC6F4C700549FC6 /* Mailbox */;
			targetProxy = 4C6EF7381DC6F4C700549FC6 /* PBXContainerItemProxy */;
		};
		4C6EF7441DC6F4C700549FC6 /* PBXTargetDependency */ = {
			isa = PBXTargetDependency;
			target = 4C6EF7221DC6F4C700549FC6 /* Mailbox */;
			targetProxy = 4C6EF7431DC6F4C700549FC6 /* PBXContainerItemProxy */;
		};
/* End PBXTargetDependency section */

/* Begin PBXVariantGroup section */
		4C6EF72A1DC6F4C700549FC6 /* Main.storyboard */ = {
			isa = PBXVariantGroup;
			children = (
				4C6EF72B1DC6F4C700549FC6 /* Base */,
			);
			name = Main.storyboard;
			sourceTree = "<group>";
		};
		4C6EF72F1DC6F4C700549FC6 /* LaunchScreen.storyboard */ = {
			isa = PBXVariantGroup;
			children = (
				4C6EF7301DC6F4C700549FC6 /* Base */,
			);
			name = LaunchScreen.storyboard;
			sourceTree = "<group>";
		};
/* End PBXVariantGroup section */

/* Begin XCBuildConfiguration section */
		4C6EF7491DC6F4C700549FC6 /* Debug */ = {
			isa = XCBuildConfiguration;
			buildSettings = {
				ALWAYS_SEARCH_USER_PATHS = NO;
				CLANG_ANALYZER_NONNULL = YES;
				CLANG_CXX_LANGUAGE_STANDARD = "gnu++0x";
				CLANG_CXX_LIBRARY = "libc++";
				CLANG_ENABLE_MODULES = YES;
				CLANG_ENABLE_OBJC_ARC = YES;
				CLANG_WARN_BOOL_CONVERSION = YES;
				CLANG_WARN_CONSTANT_CONVERSION = YES;
				CLANG_WARN_DIRECT_OBJC_ISA_USAGE = YES_ERROR;
				CLANG_WARN_DOCUMENTATION_COMMENTS = YES;
				CLANG_WARN_EMPTY_BODY = YES;
				CLANG_WARN_ENUM_CONVERSION = YES;
				CLANG_WARN_INFINITE_RECURSION = YES;
				CLANG_WARN_INT_CONVERSION = YES;
				CLANG_WARN_OBJC_ROOT_CLASS = YES_ERROR;
				CLANG_WARN_SUSPICIOUS_MOVES = YES;
				CLANG_WARN_UNREACHABLE_CODE = YES;
				CLANG_WARN__DUPLICATE_METHOD_MATCH = YES;
				"CODE_SIGN_IDENTITY[sdk=iphoneos*]" = "iPhone Developer";
				COPY_PHASE_STRIP = NO;
				DEBUG_INFORMATION_FORMAT = dwarf;
				ENABLE_STRICT_OBJC_MSGSEND = YES;
				ENABLE_TESTABILITY = YES;
				GCC_C_LANGUAGE_STANDARD = gnu99;
				GCC_DYNAMIC_NO_PIC = NO;
				GCC_NO_COMMON_BLOCKS = YES;
				GCC_OPTIMIZATION_LEVEL = 0;
				GCC_PREPROCESSOR_DEFINITIONS = (
					"DEBUG=1",
					"$(inherited)",
				);
				GCC_WARN_64_TO_32_BIT_CONVERSION = YES;
				GCC_WARN_ABOUT_RETURN_TYPE = YES_ERROR;
				GCC_WARN_UNDECLARED_SELECTOR = YES;
				GCC_WARN_UNINITIALIZED_AUTOS = YES_AGGRESSIVE;
				GCC_WARN_UNUSED_FUNCTION = YES;
				GCC_WARN_UNUSED_VARIABLE = YES;
				IPHONEOS_DEPLOYMENT_TARGET = 10.0;
				MTL_ENABLE_DEBUG_INFO = YES;
				ONLY_ACTIVE_ARCH = YES;
				SDKROOT = iphoneos;
				SWIFT_ACTIVE_COMPILATION_CONDITIONS = DEBUG;
				SWIFT_OPTIMIZATION_LEVEL = "-Onone";
			};
			name = Debug;
		};
		4C6EF74A1DC6F4C700549FC6 /* Release */ = {
			isa = XCBuildConfiguration;
			buildSettings = {
				ALWAYS_SEARCH_USER_PATHS = NO;
				CLANG_ANALYZER_NONNULL = YES;
				CLANG_CXX_LANGUAGE_STANDARD = "gnu++0x";
				CLANG_CXX_LIBRARY = "libc++";
				CLANG_ENABLE_MODULES = YES;
				CLANG_ENABLE_OBJC_ARC = YES;
				CLANG_WARN_BOOL_CONVERSION = YES;
				CLANG_WARN_CONSTANT_CONVERSION = YES;
				CLANG_WARN_DIRECT_OBJC_ISA_USAGE = YES_ERROR;
				CLANG_WARN_DOCUMENTATION_COMMENTS = YES;
				CLANG_WARN_EMPTY_BODY = YES;
				CLANG_WARN_ENUM_CONVERSION = YES;
				CLANG_WARN_INFINITE_RECURSION = YES;
				CLANG_WARN_INT_CONVERSION = YES;
				CLANG_WARN_OBJC_ROOT_CLASS = YES_ERROR;
				CLANG_WARN_SUSPICIOUS_MOVES = YES;
				CLANG_WARN_UNREACHABLE_CODE = YES;
				CLANG_WARN__DUPLICATE_METHOD_MATCH = YES;
				"CODE_SIGN_IDENTITY[sdk=iphoneos*]" = "iPhone Developer";
				COPY_PHASE_STRIP = NO;
				DEBUG_INFORMATION_FORMAT = "dwarf-with-dsym";
				ENABLE_NS_ASSERTIONS = NO;
				ENABLE_STRICT_OBJC_MSGSEND = YES;
				GCC_C_LANGUAGE_STANDARD = gnu99;
				GCC_NO_COMMON_BLOCKS = YES;
				GCC_WARN_64_TO_32_BIT_CONVERSION = YES;
				GCC_WARN_ABOUT_RETURN_TYPE = YES_ERROR;
				GCC_WARN_UNDECLARED_SELECTOR = YES;
				GCC_WARN_UNINITIALIZED_AUTOS = YES_AGGRESSIVE;
				GCC_WARN_UNUSED_FUNCTION = YES;
				GCC_WARN_UNUSED_VARIABLE = YES;
				IPHONEOS_DEPLOYMENT_TARGET = 10.0;
				MTL_ENABLE_DEBUG_INFO = NO;
				SDKROOT = iphoneos;
				SWIFT_OPTIMIZATION_LEVEL = "-Owholemodule";
				VALIDATE_PRODUCT = YES;
			};
			name = Release;
		};
		4C6EF74C1DC6F4C700549FC6 /* Debug */ = {
			isa = XCBuildConfiguration;
			buildSettings = {
				ASSETCATALOG_COMPILER_APPICON_NAME = AppIcon;
				INFOPLIST_FILE = Mailbox/Info.plist;
				LD_RUNPATH_SEARCH_PATHS = "$(inherited) @executable_path/Frameworks";
				PRODUCT_BUNDLE_IDENTIFIER = com.volovar.Mailbox;
				PRODUCT_NAME = "$(TARGET_NAME)";
				SWIFT_VERSION = 3.0;
			};
			name = Debug;
		};
		4C6EF74D1DC6F4C700549FC6 /* Release */ = {
			isa = XCBuildConfiguration;
			buildSettings = {
				ASSETCATALOG_COMPILER_APPICON_NAME = AppIcon;
				INFOPLIST_FILE = Mailbox/Info.plist;
				LD_RUNPATH_SEARCH_PATHS = "$(inherited) @executable_path/Frameworks";
				PRODUCT_BUNDLE_IDENTIFIER = com.volovar.Mailbox;
				PRODUCT_NAME = "$(TARGET_NAME)";
				SWIFT_VERSION = 3.0;
			};
			name = Release;
		};
		4C6EF74F1DC6F4C700549FC6 /* Debug */ = {
			isa = XCBuildConfiguration;
			buildSettings = {
				ALWAYS_EMBED_SWIFT_STANDARD_LIBRARIES = YES;
				BUNDLE_LOADER = "$(TEST_HOST)";
				INFOPLIST_FILE = MailboxTests/Info.plist;
				LD_RUNPATH_SEARCH_PATHS = "$(inherited) @executable_path/Frameworks @loader_path/Frameworks";
				PRODUCT_BUNDLE_IDENTIFIER = com.volovar.MailboxTests;
				PRODUCT_NAME = "$(TARGET_NAME)";
				SWIFT_VERSION = 3.0;
				TEST_HOST = "$(BUILT_PRODUCTS_DIR)/Mailbox.app/Mailbox";
			};
			name = Debug;
		};
		4C6EF7501DC6F4C700549FC6 /* Release */ = {
			isa = XCBuildConfiguration;
			buildSettings = {
				ALWAYS_EMBED_SWIFT_STANDARD_LIBRARIES = YES;
				BUNDLE_LOADER = "$(TEST_HOST)";
				INFOPLIST_FILE = MailboxTests/Info.plist;
				LD_RUNPATH_SEARCH_PATHS = "$(inherited) @executable_path/Frameworks @loader_path/Frameworks";
				PRODUCT_BUNDLE_IDENTIFIER = com.volovar.MailboxTests;
				PRODUCT_NAME = "$(TARGET_NAME)";
				SWIFT_VERSION = 3.0;
				TEST_HOST = "$(BUILT_PRODUCTS_DIR)/Mailbox.app/Mailbox";
			};
			name = Release;
		};
		4C6EF7521DC6F4C700549FC6 /* Debug */ = {
			isa = XCBuildConfiguration;
			buildSettings = {
				ALWAYS_EMBED_SWIFT_STANDARD_LIBRARIES = YES;
				INFOPLIST_FILE = MailboxUITests/Info.plist;
				LD_RUNPATH_SEARCH_PATHS = "$(inherited) @executable_path/Frameworks @loader_path/Frameworks";
				PRODUCT_BUNDLE_IDENTIFIER = com.volovar.MailboxUITests;
				PRODUCT_NAME = "$(TARGET_NAME)";
				SWIFT_VERSION = 3.0;
				TEST_TARGET_NAME = Mailbox;
			};
			name = Debug;
		};
		4C6EF7531DC6F4C700549FC6 /* Release */ = {
			isa = XCBuildConfiguration;
			buildSettings = {
				ALWAYS_EMBED_SWIFT_STANDARD_LIBRARIES = YES;
				INFOPLIST_FILE = MailboxUITests/Info.plist;
				LD_RUNPATH_SEARCH_PATHS = "$(inherited) @executable_path/Frameworks @loader_path/Frameworks";
				PRODUCT_BUNDLE_IDENTIFIER = com.volovar.MailboxUITests;
				PRODUCT_NAME = "$(TARGET_NAME)";
				SWIFT_VERSION = 3.0;
				TEST_TARGET_NAME = Mailbox;
			};
			name = Release;
		};
/* End XCBuildConfiguration section */

/* Begin XCConfigurationList section */
		4C6EF71E1DC6F4C700549FC6 /* Build configuration list for PBXProject "Mailbox" */ = {
			isa = XCConfigurationList;
			buildConfigurations = (
				4C6EF7491DC6F4C700549FC6 /* Debug */,
				4C6EF74A1DC6F4C700549FC6 /* Release */,
			);
			defaultConfigurationIsVisible = 0;
			defaultConfigurationName = Release;
		};
		4C6EF74B1DC6F4C700549FC6 /* Build configuration list for PBXNativeTarget "Mailbox" */ = {
			isa = XCConfigurationList;
			buildConfigurations = (
				4C6EF74C1DC6F4C700549FC6 /* Debug */,
				4C6EF74D1DC6F4C700549FC6 /* Release */,
			);
			defaultConfigurationIsVisible = 0;
		};
		4C6EF74E1DC6F4C700549FC6 /* Build configuration list for PBXNativeTarget "MailboxTests" */ = {
			isa = XCConfigurationList;
			buildConfigurations = (
				4C6EF74F1DC6F4C700549FC6 /* Debug */,
				4C6EF7501DC6F4C700549FC6 /* Release */,
			);
			defaultConfigurationIsVisible = 0;
		};
		4C6EF7511DC6F4C700549FC6 /* Build configuration list for PBXNativeTarget "MailboxUITests" */ = {
			isa = XCConfigurationList;
			buildConfigurations = (
				4C6EF7521DC6F4C700549FC6 /* Debug */,
				4C6EF7531DC6F4C700549FC6 /* Release */,
			);
			defaultConfigurationIsVisible = 0;
		};
/* End XCConfigurationList section */
	};
	rootObject = 4C6EF71B1DC6F4C700549FC6 /* Project object */;
}
